
Microsoft Visual Studio Solution File, Format Version 12.00
# Visual Studio Version 16
VisualStudioVersion = 16.0.31402.337
MinimumVisualStudioVersion = 10.0.40219.1
Project("{FAE04EC0-301F-11D3-BF4B-00C04F79EFBC}") = "Crawler", "Crawler.csproj", "{80C4A3C5-59A6-4C9A-9C33-DACF19C2E9A0}"
EndProject
Global
	GlobalSection(SolutionConfigurationPlatforms) = preSolution
		Debug|Any CPU = Debug|Any CPU
		Release|Any CPU = Release|Any CPU
	EndGlobalSection
	GlobalSection(ProjectConfigurationPlatforms) = postSolution
		{80C4A3C5-59A6-4C9A-9C33-DACF19C2E9A0}.Debug|Any CPU.ActiveCfg = Debug|Any CPU
		{80C4A3C5-59A6-4C9A-9C33-DACF19C2E9A0}.Debug|Any CPU.Build.0 = Debug|Any CPU
		{80C4A3C5-59A6-4C9A-9C33-DACF19C2E9A0}.Release|Any CPU.ActiveCfg = Release|Any CPU
		{80C4A3C5-59A6-4C9A-9C33-DACF19C2E9A0}.Release|Any CPU.Build.0 = Release|Any CPU
	EndGlobalSection
	GlobalSection(SolutionProperties) = preSolution
		HideSolutionNode = FALSE
	EndGlobalSection
	GlobalSection(ExtensibilityGlobals) = postSolution
		SolutionGuid = {36A8894D-1460-4B7C-BB70-DA2480C3422C}
	EndGlobalSection
EndGlobal
